
Microsoft Visual Studio Solution File, Format Version 12.00
# Visual Studio Version 16
VisualStudioVersion = 16.0.30907.101
MinimumVisualStudioVersion = 10.0.40219.1
Project("{FAE04EC0-301F-11D3-BF4B-00C04F79EFBC}") = "Kitaplik_Proje", "Kitaplik_Proje.csproj", "{D87C0BCF-F852-4E44-BD0C-F62C3EF760A8}"
EndProject
Global
	GlobalSection(SolutionConfigurationPlatforms) = preSolution
		Debug|Any CPU = Debug|Any CPU
		Release|Any CPU = Release|Any CPU
	EndGlobalSection
	GlobalSection(ProjectConfigurationPlatforms) = postSolution
		{D87C0BCF-F852-4E44-BD0C-F62C3EF760A8}.Debug|Any CPU.ActiveCfg = Debug|Any CPU
		{D87C0BCF-F852-4E44-BD0C-F62C3EF760A8}.Debug|Any CPU.Build.0 = Debug|Any CPU
		{D87C0BCF-F852-4E44-BD0C-F62C3EF760A8}.Release|Any CPU.ActiveCfg = Release|Any CPU
		{D87C0BCF-F852-4E44-BD0C-F62C3EF760A8}.Release|Any CPU.Build.0 = Release|Any CPU
	EndGlobalSection
	GlobalSection(SolutionProperties) = preSolution
		HideSolutionNode = FALSE
	EndGlobalSection
	GlobalSection(ExtensibilityGlobals) = postSolution
		SolutionGuid = {E6819CE6-FCF1-4D07-A07E-F22E27A9828D}
	EndGlobalSection
EndGlobal
